
Microsoft Visual Studio Solution File, Format Version 12.00
# Visual Studio 15
VisualStudioVersion = 15.0.26430.4
MinimumVisualStudioVersion = 10.0.40219.1
Project("{9A19103F-16F7-4668-BE54-9A1E7A4F7556}") = "IqdbApi.Test", "IqdbApi.Test\IqdbApi.Test.csproj", "{C91CF162-8D72-4DCE-943B-23A604ABED51}"
EndProject
Project("{FAE04EC0-301F-11D3-BF4B-00C04F79EFBC}") = "IqdbApi", "IqdbApi\IqdbApi.csproj", "{7EA2D253-99EC-48F8-93B2-9076E78FC07B}"
EndProject
Global
	GlobalSection(SolutionConfigurationPlatforms) = preSolution
		Debug|Any CPU = Debug|Any CPU
		Release|Any CPU = Release|Any CPU
	EndGlobalSection
	GlobalSection(ProjectConfigurationPlatforms) = postSolution
		{C91CF162-8D72-4DCE-943B-23A604ABED51}.Debug|Any CPU.ActiveCfg = Debug|Any CPU
		{C91CF162-8D72-4DCE-943B-23A604ABED51}.Debug|Any CPU.Build.0 = Debug|Any CPU
		{C91CF162-8D72-4DCE-943B-23A604ABED51}.Release|Any CPU.ActiveCfg = Release|Any CPU
		{C91CF162-8D72-4DCE-943B-23A604ABED51}.Release|Any CPU.Build.0 = Release|Any CPU
		{7EA2D253-99EC-48F8-93B2-9076E78FC07B}.Debug|Any CPU.ActiveCfg = Debug|Any CPU
		{7EA2D253-99EC-48F8-93B2-9076E78FC07B}.Debug|Any CPU.Build.0 = Debug|Any CPU
		{7EA2D253-99EC-48F8-93B2-9076E78FC07B}.Release|Any CPU.ActiveCfg = Release|Any CPU
		{7EA2D253-99EC-48F8-93B2-9076E78FC07B}.Release|Any CPU.Build.0 = Release|Any CPU
	EndGlobalSection
	GlobalSection(SolutionProperties) = preSolution
		HideSolutionNode = FALSE
	EndGlobalSection
EndGlobal
