
Microsoft Visual Studio Solution File, Format Version 12.00
# Visual Studio 15
VisualStudioVersion = 15.0.26430.12
MinimumVisualStudioVersion = 10.0.40219.1
Project("{FAE04EC0-301F-11D3-BF4B-00C04F79EFBC}") = "IqdbApi", "IqdbApi\IqdbApi.csproj", "{7EA2D253-99EC-48F8-93B2-9076E78FC07B}"
EndProject
Project("{FAE04EC0-301F-11D3-BF4B-00C04F79EFBC}") = "IqdbApi.xTests", "IqdbApi.xTests\IqdbApi.xTests.csproj", "{1B0ACF61-4E8C-40F7-B239-B5615BB77610}"
EndProject
Global
	GlobalSection(SolutionConfigurationPlatforms) = preSolution
		Debug|Any CPU = Debug|Any CPU
		Release|Any CPU = Release|Any CPU
	EndGlobalSection
	GlobalSection(ProjectConfigurationPlatforms) = postSolution
		{7EA2D253-99EC-48F8-93B2-9076E78FC07B}.Debug|Any CPU.ActiveCfg = Debug|Any CPU
		{7EA2D253-99EC-48F8-93B2-9076E78FC07B}.Debug|Any CPU.Build.0 = Debug|Any CPU
		{7EA2D253-99EC-48F8-93B2-9076E78FC07B}.Release|Any CPU.ActiveCfg = Release|Any CPU
		{7EA2D253-99EC-48F8-93B2-9076E78FC07B}.Release|Any CPU.Build.0 = Release|Any CPU
		{1B0ACF61-4E8C-40F7-B239-B5615BB77610}.Debug|Any CPU.ActiveCfg = Debug|Any CPU
		{1B0ACF61-4E8C-40F7-B239-B5615BB77610}.Debug|Any CPU.Build.0 = Debug|Any CPU
		{1B0ACF61-4E8C-40F7-B239-B5615BB77610}.Release|Any CPU.ActiveCfg = Release|Any CPU
		{1B0ACF61-4E8C-40F7-B239-B5615BB77610}.Release|Any CPU.Build.0 = Release|Any CPU
	EndGlobalSection
	GlobalSection(SolutionProperties) = preSolution
		HideSolutionNode = FALSE
	EndGlobalSection
EndGlobal
