
Microsoft Visual Studio Solution File, Format Version 12.00
# Visual Studio Version 17
VisualStudioVersion = 17.0.32112.339
MinimumVisualStudioVersion = 10.0.40219.1
Project("{9A19103F-16F7-4668-BE54-9A1E7A4F7556}") = "IqdbApi", "IqdbApi\IqdbApi.csproj", "{7EA2D253-99EC-48F8-93B2-9076E78FC07B}"
EndProject
Project("{9A19103F-16F7-4668-BE54-9A1E7A4F7556}") = "IqdbApi.xTests", "IqdbApi.xTests\IqdbApi.xTests.csproj", "{1B0ACF61-4E8C-40F7-B239-B5615BB77610}"
EndProject
Global
	GlobalSection(SolutionConfigurationPlatforms) = preSolution
		Debug|Any CPU = Debug|Any CPU
		Release|Any CPU = Release|Any CPU
	EndGlobalSection
	GlobalSection(ProjectConfigurationPlatforms) = postSolution
		{7EA2D253-99EC-48F8-93B2-9076E78FC07B}.Debug|Any CPU.ActiveCfg = Debug|Any CPU
		{7EA2D253-99EC-48F8-93B2-9076E78FC07B}.Debug|Any CPU.Build.0 = Debug|Any CPU
		{7EA2D253-99EC-48F8-93B2-9076E78FC07B}.Release|Any CPU.ActiveCfg = Release|Any CPU
		{7EA2D253-99EC-48F8-93B2-9076E78FC07B}.Release|Any CPU.Build.0 = Release|Any CPU
		{1B0ACF61-4E8C-40F7-B239-B5615BB77610}.Debug|Any CPU.ActiveCfg = Debug|Any CPU
		{1B0ACF61-4E8C-40F7-B239-B5615BB77610}.Debug|Any CPU.Build.0 = Debug|Any CPU
		{1B0ACF61-4E8C-40F7-B239-B5615BB77610}.Release|Any CPU.ActiveCfg = Release|Any CPU
		{1B0ACF61-4E8C-40F7-B239-B5615BB77610}.Release|Any CPU.Build.0 = Release|Any CPU
	EndGlobalSection
	GlobalSection(SolutionProperties) = preSolution
		HideSolutionNode = FALSE
	EndGlobalSection
	GlobalSection(ExtensibilityGlobals) = postSolution
		SolutionGuid = {606CF510-0B2C-4CEB-AEBA-D1C8A006C4E9}
	EndGlobalSection
EndGlobal
